
Microsoft Visual Studio Solution File, Format Version 12.00
# Visual Studio Version 17
VisualStudioVersion = 17.0.31912.275
MinimumVisualStudioVersion = 10.0.40219.1
Project("{9A19103F-16F7-4668-BE54-9A1E7A4F7556}") = "Publisher", "NATSDemo1\Publisher.csproj", "{393CB2BA-E829-46E6-BF4A-39A80849E465}"
EndProject
Project("{9A19103F-16F7-4668-BE54-9A1E7A4F7556}") = "Subscriber", "NATSDemo2\Subscriber.csproj", "{BC3FDDB4-8BB9-4295-9BEF-488650FF5A82}"
EndProject
Project("{9A19103F-16F7-4668-BE54-9A1E7A4F7556}") = "ClassLibrary1", "ClassLibrary1\ClassLibrary1.csproj", "{83F00B8D-F6A8-4E36-918D-114C197868B1}"
EndProject
Project("{9A19103F-16F7-4668-BE54-9A1E7A4F7556}") = "JetStreamExampleUtils", "JetStreamExampleUtils\JetStreamExampleUtils.csproj", "{F4AE908C-F58E-4718-8063-7A387DB7A004}"
EndProject
Project("{9A19103F-16F7-4668-BE54-9A1E7A4F7556}") = "JetStreamPublisher", "JetStreamPublisher\JetStreamPublisher.csproj", "{7670243A-59E0-4384-9D1C-E4E9D611F0AF}"
EndProject
Project("{9A19103F-16F7-4668-BE54-9A1E7A4F7556}") = "JetStreamSubscriber", "JetStreamSubscriber\JetStreamSubscriber.csproj", "{FF732580-ADB1-4D7F-A253-F060516E0BE3}"
EndProject
Project("{9A19103F-16F7-4668-BE54-9A1E7A4F7556}") = "JetStreamSubscriberHosted.Server", "JetStreamSubscriberHosted\Server\JetStreamSubscriberHosted.Server.csproj", "{6BEBAA72-0C94-4397-AB10-800806AA87D1}"
EndProject
Project("{9A19103F-16F7-4668-BE54-9A1E7A4F7556}") = "JetStreamSubscriberHosted.Client", "JetStreamSubscriberHosted\Client\JetStreamSubscriberHosted.Client.csproj", "{ED66CB9E-18CA-4C1A-A87F-E4C4E502C48A}"
EndProject
Project("{9A19103F-16F7-4668-BE54-9A1E7A4F7556}") = "JetStreamSubscriberHosted.Shared", "JetStreamSubscriberHosted\Shared\JetStreamSubscriberHosted.Shared.csproj", "{BD3359E5-3575-48FF-BD6B-6EFCDE8C0F6F}"
EndProject
Global
	GlobalSection(SolutionConfigurationPlatforms) = preSolution
		Debug|Any CPU = Debug|Any CPU
		Release|Any CPU = Release|Any CPU
	EndGlobalSection
	GlobalSection(ProjectConfigurationPlatforms) = postSolution
		{393CB2BA-E829-46E6-BF4A-39A80849E465}.Debug|Any CPU.ActiveCfg = Debug|Any CPU
		{393CB2BA-E829-46E6-BF4A-39A80849E465}.Debug|Any CPU.Build.0 = Debug|Any CPU
		{393CB2BA-E829-46E6-BF4A-39A80849E465}.Release|Any CPU.ActiveCfg = Release|Any CPU
		{393CB2BA-E829-46E6-BF4A-39A80849E465}.Release|Any CPU.Build.0 = Release|Any CPU
		{BC3FDDB4-8BB9-4295-9BEF-488650FF5A82}.Debug|Any CPU.ActiveCfg = Debug|Any CPU
		{BC3FDDB4-8BB9-4295-9BEF-488650FF5A82}.Debug|Any CPU.Build.0 = Debug|Any CPU
		{BC3FDDB4-8BB9-4295-9BEF-488650FF5A82}.Release|Any CPU.ActiveCfg = Release|Any CPU
		{BC3FDDB4-8BB9-4295-9BEF-488650FF5A82}.Release|Any CPU.Build.0 = Release|Any CPU
		{83F00B8D-F6A8-4E36-918D-114C197868B1}.Debug|Any CPU.ActiveCfg = Debug|Any CPU
		{83F00B8D-F6A8-4E36-918D-114C197868B1}.Debug|Any CPU.Build.0 = Debug|Any CPU
		{83F00B8D-F6A8-4E36-918D-114C197868B1}.Release|Any CPU.ActiveCfg = Release|Any CPU
		{83F00B8D-F6A8-4E36-918D-114C197868B1}.Release|Any CPU.Build.0 = Release|Any CPU
		{F4AE908C-F58E-4718-8063-7A387DB7A004}.Debug|Any CPU.ActiveCfg = Debug|Any CPU
		{F4AE908C-F58E-4718-8063-7A387DB7A004}.Debug|Any CPU.Build.0 = Debug|Any CPU
		{F4AE908C-F58E-4718-8063-7A387DB7A004}.Release|Any CPU.ActiveCfg = Release|Any CPU
		{F4AE908C-F58E-4718-8063-7A387DB7A004}.Release|Any CPU.Build.0 = Release|Any CPU
		{7670243A-59E0-4384-9D1C-E4E9D611F0AF}.Debug|Any CPU.ActiveCfg = Debug|Any CPU
		{7670243A-59E0-4384-9D1C-E4E9D611F0AF}.Debug|Any CPU.Build.0 = Debug|Any CPU
		{7670243A-59E0-4384-9D1C-E4E9D611F0AF}.Release|Any CPU.ActiveCfg = Release|Any CPU
		{7670243A-59E0-4384-9D1C-E4E9D611F0AF}.Release|Any CPU.Build.0 = Release|Any CPU
		{FF732580-ADB1-4D7F-A253-F060516E0BE3}.Debug|Any CPU.ActiveCfg = Debug|Any CPU
		{FF732580-ADB1-4D7F-A253-F060516E0BE3}.Debug|Any CPU.Build.0 = Debug|Any CPU
		{FF732580-ADB1-4D7F-A253-F060516E0BE3}.Release|Any CPU.ActiveCfg = Release|Any CPU
		{FF732580-ADB1-4D7F-A253-F060516E0BE3}.Release|Any CPU.Build.0 = Release|Any CPU
		{6BEBAA72-0C94-4397-AB10-800806AA87D1}.Debug|Any CPU.ActiveCfg = Debug|Any CPU
		{6BEBAA72-0C94-4397-AB10-800806AA87D1}.Debug|Any CPU.Build.0 = Debug|Any CPU
		{6BEBAA72-0C94-4397-AB10-800806AA87D1}.Release|Any CPU.ActiveCfg = Release|Any CPU
		{6BEBAA72-0C94-4397-AB10-800806AA87D1}.Release|Any CPU.Build.0 = Release|Any CPU
		{ED66CB9E-18CA-4C1A-A87F-E4C4E502C48A}.Debug|Any CPU.ActiveCfg = Debug|Any CPU
		{ED66CB9E-18CA-4C1A-A87F-E4C4E502C48A}.Debug|Any CPU.Build.0 = Debug|Any CPU
		{ED66CB9E-18CA-4C1A-A87F-E4C4E502C48A}.Release|Any CPU.ActiveCfg = Release|Any CPU
		{ED66CB9E-18CA-4C1A-A87F-E4C4E502C48A}.Release|Any CPU.Build.0 = Release|Any CPU
		{BD3359E5-3575-48FF-BD6B-6EFCDE8C0F6F}.Debug|Any CPU.ActiveCfg = Debug|Any CPU
		{BD3359E5-3575-48FF-BD6B-6EFCDE8C0F6F}.Debug|Any CPU.Build.0 = Debug|Any CPU
		{BD3359E5-3575-48FF-BD6B-6EFCDE8C0F6F}.Release|Any CPU.ActiveCfg = Release|Any CPU
		{BD3359E5-3575-48FF-BD6B-6EFCDE8C0F6F}.Release|Any CPU.Build.0 = Release|Any CPU
	EndGlobalSection
	GlobalSection(SolutionProperties) = preSolution
		HideSolutionNode = FALSE
	EndGlobalSection
	GlobalSection(ExtensibilityGlobals) = postSolution
		SolutionGuid = {AFE19381-1087-4B63-9F12-C737CE4B7BD6}
	EndGlobalSection
EndGlobal
